
Microsoft Visual Studio Solution File, Format Version 12.00
# Visual Studio Version 17
VisualStudioVersion = 17.1.32414.318
MinimumVisualStudioVersion = 10.0.40219.1
Project("{2150E333-8FDC-42A3-9474-1A3956D46DE8}") = "DotNetCoreWebAPIWithAngular_BE", "DotNetCoreWebAPIWithAngular_BE", "{B8D54D0D-8DAF-4B53-B35C-5474BA981432}"
EndProject
Project("{9A19103F-16F7-4668-BE54-9A1E7A4F7556}") = "DotNetCoreWebAPIWithAngular_BE", "DotNetCoreWebAPIWithAngular_BE\DotNetCoreWebAPIWithAngular_BE.csproj", "{E2CAF905-2D66-4A06-A71D-24BC5B782CBE}"
EndProject
Project("{9A19103F-16F7-4668-BE54-9A1E7A4F7556}") = "DotNetCoreWebAPIWithAngular_BE.Application", "DotNetCoreWebAPIWithAngular_BE.Application\DotNetCoreWebAPIWithAngular_BE.Application.csproj", "{71454BAA-9C15-4251-BB2E-1EC51301CE88}"
EndProject
Project("{9A19103F-16F7-4668-BE54-9A1E7A4F7556}") = "DotNetCoreWebAPIWithAngular_BE.Entities", "DotNetCoreWebAPIWithAngular_BE.Entities\DotNetCoreWebAPIWithAngular_BE.Entities.csproj", "{F33EB973-E4DA-4C57-A3F8-3924BFD3556F}"
EndProject
Project("{9A19103F-16F7-4668-BE54-9A1E7A4F7556}") = "DotNetCoreWebAPIWithAngular_BE.Infrastructure", "DotNetCoreWebAPIWithAngular_BE.Infrastructure\DotNetCoreWebAPIWithAngular_BE.Infrastructure.csproj", "{A0B650E3-3E98-4758-A4E2-8383F688B6E2}"
EndProject
Global
	GlobalSection(SolutionConfigurationPlatforms) = preSolution
		Debug|Any CPU = Debug|Any CPU
		Release|Any CPU = Release|Any CPU
	EndGlobalSection
	GlobalSection(ProjectConfigurationPlatforms) = postSolution
		{E2CAF905-2D66-4A06-A71D-24BC5B782CBE}.Debug|Any CPU.ActiveCfg = Debug|Any CPU
		{E2CAF905-2D66-4A06-A71D-24BC5B782CBE}.Debug|Any CPU.Build.0 = Debug|Any CPU
		{E2CAF905-2D66-4A06-A71D-24BC5B782CBE}.Release|Any CPU.ActiveCfg = Release|Any CPU
		{E2CAF905-2D66-4A06-A71D-24BC5B782CBE}.Release|Any CPU.Build.0 = Release|Any CPU
		{71454BAA-9C15-4251-BB2E-1EC51301CE88}.Debug|Any CPU.ActiveCfg = Debug|Any CPU
		{71454BAA-9C15-4251-BB2E-1EC51301CE88}.Debug|Any CPU.Build.0 = Debug|Any CPU
		{71454BAA-9C15-4251-BB2E-1EC51301CE88}.Release|Any CPU.ActiveCfg = Release|Any CPU
		{71454BAA-9C15-4251-BB2E-1EC51301CE88}.Release|Any CPU.Build.0 = Release|Any CPU
		{F33EB973-E4DA-4C57-A3F8-3924BFD3556F}.Debug|Any CPU.ActiveCfg = Debug|Any CPU
		{F33EB973-E4DA-4C57-A3F8-3924BFD3556F}.Debug|Any CPU.Build.0 = Debug|Any CPU
		{F33EB973-E4DA-4C57-A3F8-3924BFD3556F}.Release|Any CPU.ActiveCfg = Release|Any CPU
		{F33EB973-E4DA-4C57-A3F8-3924BFD3556F}.Release|Any CPU.Build.0 = Release|Any CPU
		{A0B650E3-3E98-4758-A4E2-8383F688B6E2}.Debug|Any CPU.ActiveCfg = Debug|Any CPU
		{A0B650E3-3E98-4758-A4E2-8383F688B6E2}.Debug|Any CPU.Build.0 = Debug|Any CPU
		{A0B650E3-3E98-4758-A4E2-8383F688B6E2}.Release|Any CPU.ActiveCfg = Release|Any CPU
		{A0B650E3-3E98-4758-A4E2-8383F688B6E2}.Release|Any CPU.Build.0 = Release|Any CPU
	EndGlobalSection
	GlobalSection(SolutionProperties) = preSolution
		HideSolutionNode = FALSE
	EndGlobalSection
	GlobalSection(NestedProjects) = preSolution
		{E2CAF905-2D66-4A06-A71D-24BC5B782CBE} = {B8D54D0D-8DAF-4B53-B35C-5474BA981432}
		{71454BAA-9C15-4251-BB2E-1EC51301CE88} = {B8D54D0D-8DAF-4B53-B35C-5474BA981432}
		{F33EB973-E4DA-4C57-A3F8-3924BFD3556F} = {B8D54D0D-8DAF-4B53-B35C-5474BA981432}
		{A0B650E3-3E98-4758-A4E2-8383F688B6E2} = {B8D54D0D-8DAF-4B53-B35C-5474BA981432}
	EndGlobalSection
	GlobalSection(ExtensibilityGlobals) = postSolution
		SolutionGuid = {E5790101-B73C-4EE0-8DC1-C3A21A605623}
	EndGlobalSection
EndGlobal
